
Microsoft Visual Studio Solution File, Format Version 12.00
# Visual Studio 15
Project("{FAE04EC0-301F-11D3-BF4B-00C04F79EFBC}") = "purp", "purp.csproj", "{B1017AF6-FC46-266D-160D-705D6A27DAAD}"
EndProject
Project("{FAE04EC0-301F-11D3-BF4B-00C04F79EFBC}") = "purp.Editor", "purp.Editor.csproj", "{1ADC01BB-7D58-87C9-852E-B2F54E291100}"
EndProject
Global
	GlobalSection(SolutionConfigurationPlatforms) = preSolution
		Debug|Any CPU = Debug|Any CPU
		Release|Any CPU = Release|Any CPU
	EndGlobalSection
	GlobalSection(ProjectConfigurationPlatforms) = postSolution
		{B1017AF6-FC46-266D-160D-705D6A27DAAD}.Debug|Any CPU.ActiveCfg = Debug|Any CPU
		{B1017AF6-FC46-266D-160D-705D6A27DAAD}.Debug|Any CPU.Build.0 = Debug|Any CPU
		{B1017AF6-FC46-266D-160D-705D6A27DAAD}.Release|Any CPU.ActiveCfg = Release|Any CPU
		{B1017AF6-FC46-266D-160D-705D6A27DAAD}.Release|Any CPU.Build.0 = Release|Any CPU
		{1ADC01BB-7D58-87C9-852E-B2F54E291100}.Debug|Any CPU.ActiveCfg = Debug|Any CPU
		{1ADC01BB-7D58-87C9-852E-B2F54E291100}.Debug|Any CPU.Build.0 = Debug|Any CPU
		{1ADC01BB-7D58-87C9-852E-B2F54E291100}.Release|Any CPU.ActiveCfg = Release|Any CPU
		{1ADC01BB-7D58-87C9-852E-B2F54E291100}.Release|Any CPU.Build.0 = Release|Any CPU
	EndGlobalSection
	GlobalSection(SolutionProperties) = preSolution
		HideSolutionNode = FALSE
	EndGlobalSection
EndGlobal
